
Microsoft Visual Studio Solution File, Format Version 12.00
# Visual Studio Version 17
VisualStudioVersion = 17.0.31903.59
MinimumVisualStudioVersion = 10.0.40219.1
Project("{FAE04EC0-301F-11D3-BF4B-00C04F79EFBC}") = "presentation", "presentation\presentation.csproj", "{C64E5481-0994-4F4E-917D-474F3DB9DC44}"
EndProject
Project("{FAE04EC0-301F-11D3-BF4B-00C04F79EFBC}") = "domains", "domain\domains.csproj", "{CA9101D2-2210-4913-9340-E329AC1A22A1}"
EndProject
Project("{FAE04EC0-301F-11D3-BF4B-00C04F79EFBC}") = "data", "data\data.csproj", "{B7D36C31-0499-4D75-A4E2-A4DF091E2932}"
EndProject
Global
	GlobalSection(SolutionConfigurationPlatforms) = preSolution
		Debug|Any CPU = Debug|Any CPU
		Release|Any CPU = Release|Any CPU
	EndGlobalSection
	GlobalSection(SolutionProperties) = preSolution
		HideSolutionNode = FALSE
	EndGlobalSection
	GlobalSection(ProjectConfigurationPlatforms) = postSolution
		{C64E5481-0994-4F4E-917D-474F3DB9DC44}.Debug|Any CPU.ActiveCfg = Debug|Any CPU
		{C64E5481-0994-4F4E-917D-474F3DB9DC44}.Debug|Any CPU.Build.0 = Debug|Any CPU
		{C64E5481-0994-4F4E-917D-474F3DB9DC44}.Release|Any CPU.ActiveCfg = Release|Any CPU
		{C64E5481-0994-4F4E-917D-474F3DB9DC44}.Release|Any CPU.Build.0 = Release|Any CPU
		{CA9101D2-2210-4913-9340-E329AC1A22A1}.Debug|Any CPU.ActiveCfg = Debug|Any CPU
		{CA9101D2-2210-4913-9340-E329AC1A22A1}.Debug|Any CPU.Build.0 = Debug|Any CPU
		{CA9101D2-2210-4913-9340-E329AC1A22A1}.Release|Any CPU.ActiveCfg = Release|Any CPU
		{CA9101D2-2210-4913-9340-E329AC1A22A1}.Release|Any CPU.Build.0 = Release|Any CPU
		{B7D36C31-0499-4D75-A4E2-A4DF091E2932}.Debug|Any CPU.ActiveCfg = Debug|Any CPU
		{B7D36C31-0499-4D75-A4E2-A4DF091E2932}.Debug|Any CPU.Build.0 = Debug|Any CPU
		{B7D36C31-0499-4D75-A4E2-A4DF091E2932}.Release|Any CPU.ActiveCfg = Release|Any CPU
		{B7D36C31-0499-4D75-A4E2-A4DF091E2932}.Release|Any CPU.Build.0 = Release|Any CPU
	EndGlobalSection
EndGlobal
